// !$*UTF8*$!
{
	archiveVersion = 1;
	classes = {
	};
	objectVersion = 46;
	objects = {

/* Begin PBXBuildFile section */
		689649A01CC8BC9700CDA924 /* main.m in Sources */ = {isa = PBXBuildFile; fileRef = 6896499F1CC8BC9700CDA924 /* main.m */; };
		689649A31CC8BC9700CDA924 /* AppDelegate.m in Sources */ = {isa = PBXBuildFile; fileRef = 689649A21CC8BC9700CDA924 /* AppDelegate.m */; };
		689649A61CC8BC9700CDA924 /* ViewController.m in Sources */ = {isa = PBXBuildFile; fileRef = 689649A51CC8BC9700CDA924 /* ViewController.m */; };
		689649A91CC8BC9700CDA924 /* Main.storyboard in Resources */ = {isa = PBXBuildFile; fileRef = 689649A71CC8BC9700CDA924 /* Main.storyboard */; };
		689649AB1CC8BC9700CDA924 /* Assets.xcassets in Resources */ = {isa = PBXBuildFile; fileRef = 689649AA1CC8BC9700CDA924 /* Assets.xcassets */; };
		689649AE1CC8BC9700CDA924 /* LaunchScreen.storyboard in Resources */ = {isa = PBXBuildFile; fileRef = 689649AC1CC8BC9700CDA924 /* LaunchScreen.storyboard */; };
		689649B91CC8BC9700CDA924 /* testALAssetsLibraryTests.m in Sources */ = {isa = PBXBuildFile; fileRef = 689649B81CC8BC9700CDA924 /* testALAssetsLibraryTests.m */; };
		689649C41CC8BC9700CDA924 /* testALAssetsLibraryUITests.m in Sources */ = {isa = PBXBuildFile; fileRef = 689649C31CC8BC9700CDA924 /* testALAssetsLibraryUITests.m */; };
		689649D21CC8BD9800CDA924 /* AssetsLibrary.framework in Frameworks */ = {isa = PBXBuildFile; fileRef = 689649D11CC8BD9800CDA924 /* AssetsLibrary.framework */; };
		689649D81CC8C73C00CDA924 /* YBTNFirstCell.m in Sources */ = {isa = PBXBuildFile; fileRef = 689649D61CC8C73C00CDA924 /* YBTNFirstCell.m */; };
		689649DB1CC8D31200CDA924 /* header.m in Sources */ = {isa = PBXBuildFile; fileRef = 689649DA1CC8D31200CDA924 /* header.m */; };
/* End PBXBuildFile section */

/* Begin PBXContainerItemProxy section */
		689649B51CC8BC9700CDA924 /* PBXContainerItemProxy */ = {
			isa = PBXContainerItemProxy;
			containerPortal = 689649931CC8BC9700CDA924 /* Project object */;
			proxyType = 1;
			remoteGlobalIDString = 6896499A1CC8BC9700CDA924;
			remoteInfo = testALAssetsLibrary;
		};
		689649C01CC8BC9700CDA924 /* PBXContainerItemProxy */ = {
			isa = PBXContainerItemProxy;
			containerPortal = 689649931CC8BC9700CDA924 /* Project object */;
			proxyType = 1;
			remoteGlobalIDString = 6896499A1CC8BC9700CDA924;
			remoteInfo = testALAssetsLibrary;
		};
/* End PBXContainerItemProxy section */

/* Begin PBXFileReference section */
		6896499B1CC8BC9700CDA924 /* testALAssetsLibrary.app */ = {isa = PBXFileReference; explicitFileType = wrapper.application; includeInIndex = 0; path = testALAssetsLibrary.app; sourceTree = BUILT_PRODUCTS_DIR; };
		6896499F1CC8BC9700CDA924 /* main.m */ = {isa = PBXFileReference; lastKnownFileType = sourcecode.c.objc; path = main.m; sourceTree = "<group>"; };
		689649A11CC8BC9700CDA924 /* AppDelegate.h */ = {isa = PBXFileReference; lastKnownFileType = sourcecode.c.h; path = AppDelegate.h; sourceTree = "<group>"; };
		689649A21CC8BC9700CDA924 /* AppDelegate.m */ = {isa = PBXFileReference; lastKnownFileType = sourcecode.c.objc; path = AppDelegate.m; sourceTree = "<group>"; };
		689649A41CC8BC9700CDA924 /* ViewController.h */ = {isa = PBXFileReference; lastKnownFileType = sourcecode.c.h; path = ViewController.h; sourceTree = "<group>"; };
		689649A51CC8BC9700CDA924 /* ViewController.m */ = {isa = PBXFileReference; lastKnownFileType = sourcecode.c.objc; path = ViewController.m; sourceTree = "<group>"; };
		689649A81CC8BC9700CDA924 /* Base */ = {isa = PBXFileReference; lastKnownFileType = file.storyboard; name = Base; path = Base.lproj/Main.storyboard; sourceTree = "<group>"; };
		689649AA1CC8BC9700CDA924 /* Assets.xcassets */ = {isa = PBXFileReference; lastKnownFileType = folder.assetcatalog; path = Assets.xcassets; sourceTree = "<group>"; };
		689649AD1CC8BC9700CDA924 /* Base */ = {isa = PBXFileReference; lastKnownFileType = file.storyboard; name = Base; path = Base.lproj/LaunchScreen.storyboard; sourceTree = "<group>"; };
		689649AF1CC8BC9700CDA924 /* Info.plist */ = {isa = PBXFileReference; lastKnownFileType = text.plist.xml; path = Info.plist; sourceTree = "<group>"; };
		689649B41CC8BC9700CDA924 /* testALAssetsLibraryTests.xctest */ = {isa = PBXFileReference; explicitFileType = wrapper.cfbundle; includeInIndex = 0; path = testALAssetsLibraryTests.xctest; sourceTree = BUILT_PRODUCTS_DIR; };
		689649B81CC8BC9700CDA924 /* testALAssetsLibraryTests.m */ = {isa = PBXFileReference; lastKnownFileType = sourcecode.c.objc; path = testALAssetsLibraryTests.m; sourceTree = "<group>"; };
		689649BA1CC8BC9700CDA924 /* Info.plist */ = {isa = PBXFileReference; lastKnownFileType = text.plist.xml; path = Info.plist; sourceTree = "<group>"; };
		689649BF1CC8BC9700CDA924 /* testALAssetsLibraryUITests.xctest */ = {isa = PBXFileReference; explicitFileType = wrapper.cfbundle; includeInIndex = 0; path = testALAssetsLibraryUITests.xctest; sourceTree = BUILT_PRODUCTS_DIR; };
		689649C31CC8BC9700CDA924 /* testALAssetsLibraryUITests.m */ = {isa = PBXFileReference; lastKnownFileType = sourcecode.c.objc; path = testALAssetsLibraryUITests.m; sourceTree = "<group>"; };
		689649C51CC8BC9700CDA924 /* Info.plist */ = {isa = PBXFileReference; lastKnownFileType = text.plist.xml; path = Info.plist; sourceTree = "<group>"; };
		689649D11CC8BD9800CDA924 /* AssetsLibrary.framework */ = {isa = PBXFileReference; lastKnownFileType = wrapper.framework; name = AssetsLibrary.framework; path = System/Library/Frameworks/AssetsLibrary.framework; sourceTree = SDKROOT; };
		689649D61CC8C73C00CDA924 /* YBTNFirstCell.m */ = {isa = PBXFileReference; fileEncoding = 4; lastKnownFileType = sourcecode.c.objc; path = YBTNFirstCell.m; sourceTree = "<group>"; };
		689649D71CC8C73C00CDA924 /* YBTNFirstCell.h */ = {isa = PBXFileReference; fileEncoding = 4; lastKnownFileType = sourcecode.c.h; path = YBTNFirstCell.h; sourceTree = "<group>"; };
		689649D91CC8D31200CDA924 /* header.h */ = {isa = PBXFileReference; fileEncoding = 4; lastKnownFileType = sourcecode.c.h; path = header.h; sourceTree = "<group>"; };
		689649DA1CC8D31200CDA924 /* header.m */ = {isa = PBXFileReference; fileEncoding = 4; lastKnownFileType = sourcecode.c.objc; path = header.m; sourceTree = "<group>"; };
/* End PBXFileReference section */

/* Begin PBXFrameworksBuildPhase section */
		689649981CC8BC9700CDA924 /* Frameworks */ = {
			isa = PBXFrameworksBuildPhase;
			buildActionMask = 2147483647;
			files = (
				689649D21CC8BD9800CDA924 /* AssetsLibrary.framework in Frameworks */,
			);
			runOnlyForDeploymentPostprocessing = 0;
		};
		689649B11CC8BC9700CDA924 /* Frameworks */ = {
			isa = PBXFrameworksBuildPhase;
			buildActionMask = 2147483647;
			files = (
			);
			runOnlyForDeploymentPostprocessing = 0;
		};
		689649BC1CC8BC9700CDA924 /* Frameworks */ = {
			isa = PBXFrameworksBuildPhase;
			buildActionMask = 2147483647;
			files = (
			);
			runOnlyForDeploymentPostprocessing = 0;
		};
/* End PBXFrameworksBuildPhase section */

/* Begin PBXGroup section */
		689649921CC8BC9700CDA924 = {
			isa = PBXGroup;
			children = (
				6896499D1CC8BC9700CDA924 /* testALAssetsLibrary */,
				689649B71CC8BC9700CDA924 /* testALAssetsLibraryTests */,
				689649C21CC8BC9700CDA924 /* testALAssetsLibraryUITests */,
				6896499C1CC8BC9700CDA924 /* Products */,
			);
			sourceTree = "<group>";
		};
		6896499C1CC8BC9700CDA924 /* Products */ = {
			isa = PBXGroup;
			children = (
				6896499B1CC8BC9700CDA924 /* testALAssetsLibrary.app */,
				689649B41CC8BC9700CDA924 /* testALAssetsLibraryTests.xctest */,
				689649BF1CC8BC9700CDA924 /* testALAssetsLibraryUITests.xctest */,
			);
			name = Products;
			sourceTree = "<group>";
		};
		6896499D1CC8BC9700CDA924 /* testALAssetsLibrary */ = {
			isa = PBXGroup;
			children = (
				689649A11CC8BC9700CDA924 /* AppDelegate.h */,
				689649A21CC8BC9700CDA924 /* AppDelegate.m */,
				689649A41CC8BC9700CDA924 /* ViewController.h */,
				689649A51CC8BC9700CDA924 /* ViewController.m */,
				689649D71CC8C73C00CDA924 /* YBTNFirstCell.h */,
				689649D61CC8C73C00CDA924 /* YBTNFirstCell.m */,
				689649D91CC8D31200CDA924 /* header.h */,
				689649DA1CC8D31200CDA924 /* header.m */,
				689649A71CC8BC9700CDA924 /* Main.storyboard */,
				689649D11CC8BD9800CDA924 /* AssetsLibrary.framework */,
				689649AA1CC8BC9700CDA924 /* Assets.xcassets */,
				689649AC1CC8BC9700CDA924 /* LaunchScreen.storyboard */,
				689649AF1CC8BC9700CDA924 /* Info.plist */,
				6896499E1CC8BC9700CDA924 /* Supporting Files */,
			);
			path = testALAssetsLibrary;
			sourceTree = "<group>";
		};
		6896499E1CC8BC9700CDA924 /* Supporting Files */ = {
			isa = PBXGroup;
			children = (
				6896499F1CC8BC9700CDA924 /* main.m */,
			);
			name = "Supporting Files";
			sourceTree = "<group>";
		};
		689649B71CC8BC9700CDA924 /* testALAssetsLibraryTests */ = {
			isa = PBXGroup;
			children = (
				689649B81CC8BC9700CDA924 /* testALAssetsLibraryTests.m */,
				689649BA1CC8BC9700CDA924 /* Info.plist */,
			);
			path = testALAssetsLibraryTests;
			sourceTree = "<group>";
		};
		689649C21CC8BC9700CDA924 /* testALAssetsLibraryUITests */ = {
			isa = PBXGroup;
			children = (
				689649C31CC8BC9700CDA924 /* testALAssetsLibraryUITests.m */,
				689649C51CC8BC9700CDA924 /* Info.plist */,
			);
			path = testALAssetsLibraryUITests;
			sourceTree = "<group>";
		};
/* End PBXGroup section */

/* Begin PBXNativeTarget section */
		6896499A1CC8BC9700CDA924 /* testALAssetsLibrary */ = {
			isa = PBXNativeTarget;
			buildConfigurationList = 689649C81CC8BC9700CDA924 /* Build configuration list for PBXNativeTarget "testALAssetsLibrary" */;
			buildPhases = (
				689649971CC8BC9700CDA924 /* Sources */,
				689649981CC8BC9700CDA924 /* Frameworks */,
				689649991CC8BC9700CDA924 /* Resources */,
			);
			buildRules = (
			);
			dependencies = (
			);
			name = testALAssetsLibrary;
			productName = testALAssetsLibrary;
			productReference = 6896499B1CC8BC9700CDA924 /* testALAssetsLibrary.app */;
			productType = "com.apple.product-type.application";
		};
		689649B31CC8BC9700CDA924 /* testALAssetsLibraryTests */ = {
			isa = PBXNativeTarget;
			buildConfigurationList = 689649CB1CC8BC9700CDA924 /* Build configuration list for PBXNativeTarget "testALAssetsLibraryTests" */;
			buildPhases = (
				689649B01CC8BC9700CDA924 /* Sources */,
				689649B11CC8BC9700CDA924 /* Frameworks */,
				689649B21CC8BC9700CDA924 /* Resources */,
			);
			buildRules = (
			);
			dependencies = (
				689649B61CC8BC9700CDA924 /* PBXTargetDependency */,
			);
			name = testALAssetsLibraryTests;
			productName = testALAssetsLibraryTests;
			productReference = 689649B41CC8BC9700CDA924 /* testALAssetsLibraryTests.xctest */;
			productType = "com.apple.product-type.bundle.unit-test";
		};
		689649BE1CC8BC9700CDA924 /* testALAssetsLibraryUITests */ = {
			isa = PBXNativeTarget;
			buildConfigurationList = 689649CE1CC8BC9700CDA924 /* Build configuration list for PBXNativeTarget "testALAssetsLibraryUITests" */;
			buildPhases = (
				689649BB1CC8BC9700CDA924 /* Sources */,
				689649BC1CC8BC9700CDA924 /* Frameworks */,
				689649BD1CC8BC9700CDA924 /* Resources */,
			);
			buildRules = (
			);
			dependencies = (
				689649C11CC8BC9700CDA924 /* PBXTargetDependency */,
			);
			name = testALAssetsLibraryUITests;
			productName = testALAssetsLibraryUITests;
			productReference = 689649BF1CC8BC9700CDA924 /* testALAssetsLibraryUITests.xctest */;
			productType = "com.apple.product-type.bundle.ui-testing";
		};
/* End PBXNativeTarget section */

/* Begin PBXProject section */
		689649931CC8BC9700CDA924 /* Project object */ = {
			isa = PBXProject;
			attributes = {
				LastUpgradeCheck = 0720;
				ORGANIZATIONNAME = "王迎博";
				TargetAttributes = {
					6896499A1CC8BC9700CDA924 = {
						CreatedOnToolsVersion = 7.2.1;
						DevelopmentTeam = MA34265KQ7;
					};
					689649B31CC8BC9700CDA924 = {
						CreatedOnToolsVersion = 7.2.1;
						TestTargetID = 6896499A1CC8BC9700CDA924;
					};
					689649BE1CC8BC9700CDA924 = {
						CreatedOnToolsVersion = 7.2.1;
						TestTargetID = 6896499A1CC8BC9700CDA924;
					};
				};
			};
			buildConfigurationList = 689649961CC8BC9700CDA924 /* Build configuration list for PBXProject "testALAssetsLibrary" */;
			compatibilityVersion = "Xcode 3.2";
			developmentRegion = English;
			hasScannedForEncodings = 0;
			knownRegions = (
				en,
				Base,
			);
			mainGroup = 689649921CC8BC9700CDA924;
			productRefGroup = 6896499C1CC8BC9700CDA924 /* Products */;
			projectDirPath = "";
			projectRoot = "";
			targets = (
				6896499A1CC8BC9700CDA924 /* testALAssetsLibrary */,
				689649B31CC8BC9700CDA924 /* testALAssetsLibraryTests */,
				689649BE1CC8BC9700CDA924 /* testALAssetsLibraryUITests */,
			);
		};
/* End PBXProject section */

/* Begin PBXResourcesBuildPhase section */
		689649991CC8BC9700CDA924 /* Resources */ = {
			isa = PBXResourcesBuildPhase;
			buildActionMask = 2147483647;
			files = (
				689649AE1CC8BC9700CDA924 /* LaunchScreen.storyboard in Resources */,
				689649AB1CC8BC9700CDA924 /* Assets.xcassets in Resources */,
				689649A91CC8BC9700CDA924 /* Main.storyboard in Resources */,
			);
			runOnlyForDeploymentPostprocessing = 0;
		};
		689649B21CC8BC9700CDA924 /* Resources */ = {
			isa = PBXResourcesBuildPhase;
			buildActionMask = 2147483647;
			files = (
			);
			runOnlyForDeploymentPostprocessing = 0;
		};
		689649BD1CC8BC9700CDA924 /* Resources */ = {
			isa = PBXResourcesBuildPhase;
			buildActionMask = 2147483647;
			files = (
			);
			runOnlyForDeploymentPostprocessing = 0;
		};
/* End PBXResourcesBuildPhase section */

/* Begin PBXSourcesBuildPhase section */
		689649971CC8BC9700CDA924 /* Sources */ = {
			isa = PBXSourcesBuildPhase;
			buildActionMask = 2147483647;
			files = (
				689649A61CC8BC9700CDA924 /* ViewController.m in Sources */,
				689649A31CC8BC9700CDA924 /* AppDelegate.m in Sources */,
				689649A01CC8BC9700CDA924 /* main.m in Sources */,
				689649DB1CC8D31200CDA924 /* header.m in Sources */,
				689649D81CC8C73C00CDA924 /* YBTNFirstCell.m in Sources */,
			);
			runOnlyForDeploymentPostprocessing = 0;
		};
		689649B01CC8BC9700CDA924 /* Sources */ = {
			isa = PBXSourcesBuildPhase;
			buildActionMask = 2147483647;
			files = (
				689649B91CC8BC9700CDA924 /* testALAssetsLibraryTests.m in Sources */,
			);
			runOnlyForDeploymentPostprocessing = 0;
		};
		689649BB1CC8BC9700CDA924 /* Sources */ = {
			isa = PBXSourcesBuildPhase;
			buildActionMask = 2147483647;
			files = (
				689649C41CC8BC9700CDA924 /* testALAssetsLibraryUITests.m in Sources */,
			);
			runOnlyForDeploymentPostprocessing = 0;
		};
/* End PBXSourcesBuildPhase section */

/* Begin PBXTargetDependency section */
		689649B61CC8BC9700CDA924 /* PBXTargetDependency */ = {
			isa = PBXTargetDependency;
			target = 6896499A1CC8BC9700CDA924 /* testALAssetsLibrary */;
			targetProxy = 689649B51CC8BC9700CDA924 /* PBXContainerItemProxy */;
		};
		689649C11CC8BC9700CDA924 /* PBXTargetDependency */ = {
			isa = PBXTargetDependency;
			target = 6896499A1CC8BC9700CDA924 /* testALAssetsLibrary */;
			targetProxy = 689649C01CC8BC9700CDA924 /* PBXContainerItemProxy */;
		};
/* End PBXTargetDependency section */

/* Begin PBXVariantGroup section */
		689649A71CC8BC9700CDA924 /* Main.storyboard */ = {
			isa = PBXVariantGroup;
			children = (
				689649A81CC8BC9700CDA924 /* Base */,
			);
			name = Main.storyboard;
			sourceTree = "<group>";
		};
		689649AC1CC8BC9700CDA924 /* LaunchScreen.storyboard */ = {
			isa = PBXVariantGroup;
			children = (
				689649AD1CC8BC9700CDA924 /* Base */,
			);
			name = LaunchScreen.storyboard;
			sourceTree = "<group>";
		};
/* End PBXVariantGroup section */

/* Begin XCBuildConfiguration section */
		689649C61CC8BC9700CDA924 /* Debug */ = {
			isa = XCBuildConfiguration;
			buildSettings = {
				ALWAYS_SEARCH_USER_PATHS = NO;
				CLANG_CXX_LANGUAGE_STANDARD = "gnu++0x";
				CLANG_CXX_LIBRARY = "libc++";
				CLANG_ENABLE_MODULES = YES;
				CLANG_ENABLE_OBJC_ARC = YES;
				CLANG_WARN_BOOL_CONVERSION = YES;
				CLANG_WARN_CONSTANT_CONVERSION = YES;
				CLANG_WARN_DIRECT_OBJC_ISA_USAGE = YES_ERROR;
				CLANG_WARN_EMPTY_BODY = YES;
				CLANG_WARN_ENUM_CONVERSION = YES;
				CLANG_WARN_INT_CONVERSION = YES;
				CLANG_WARN_OBJC_ROOT_CLASS = YES_ERROR;
				CLANG_WARN_UNREACHABLE_CODE = YES;
				CLANG_WARN__DUPLICATE_METHOD_MATCH = YES;
				"CODE_SIGN_IDENTITY[sdk=iphoneos*]" = "iPhone Developer";
				COPY_PHASE_STRIP = NO;
				DEBUG_INFORMATION_FORMAT = dwarf;
				ENABLE_STRICT_OBJC_MSGSEND = YES;
				ENABLE_TESTABILITY = YES;
				GCC_C_LANGUAGE_STANDARD = gnu99;
				GCC_DYNAMIC_NO_PIC = NO;
				GCC_NO_COMMON_BLOCKS = YES;
				GCC_OPTIMIZATION_LEVEL = 0;
				GCC_PREPROCESSOR_DEFINITIONS = (
					"DEBUG=1",
					"$(inherited)",
				);
				GCC_WARN_64_TO_32_BIT_CONVERSION = YES;
				GCC_WARN_ABOUT_RETURN_TYPE = YES_ERROR;
				GCC_WARN_UNDECLARED_SELECTOR = YES;
				GCC_WARN_UNINITIALIZED_AUTOS = YES_AGGRESSIVE;
				GCC_WARN_UNUSED_FUNCTION = YES;
				GCC_WARN_UNUSED_VARIABLE = YES;
				IPHONEOS_DEPLOYMENT_TARGET = 9.2;
				MTL_ENABLE_DEBUG_INFO = YES;
				ONLY_ACTIVE_ARCH = YES;
				SDKROOT = iphoneos;
			};
			name = Debug;
		};
		689649C71CC8BC9700CDA924 /* Release */ = {
			isa = XCBuildConfiguration;
			buildSettings = {
				ALWAYS_SEARCH_USER_PATHS = NO;
				CLANG_CXX_LANGUAGE_STANDARD = "gnu++0x";
				CLANG_CXX_LIBRARY = "libc++";
				CLANG_ENABLE_MODULES = YES;
				CLANG_ENABLE_OBJC_ARC = YES;
				CLANG_WARN_BOOL_CONVERSION = YES;
				CLANG_WARN_CONSTANT_CONVERSION = YES;
				CLANG_WARN_DIRECT_OBJC_ISA_USAGE = YES_ERROR;
				CLANG_WARN_EMPTY_BODY = YES;
				CLANG_WARN_ENUM_CONVERSION = YES;
				CLANG_WARN_INT_CONVERSION = YES;
				CLANG_WARN_OBJC_ROOT_CLASS = YES_ERROR;
				CLANG_WARN_UNREACHABLE_CODE = YES;
				CLANG_WARN__DUPLICATE_METHOD_MATCH = YES;
				"CODE_SIGN_IDENTITY[sdk=iphoneos*]" = "iPhone Developer";
				COPY_PHASE_STRIP = NO;
				DEBUG_INFORMATION_FORMAT = "dwarf-with-dsym";
				ENABLE_NS_ASSERTIONS = NO;
				ENABLE_STRICT_OBJC_MSGSEND = YES;
				GCC_C_LANGUAGE_STANDARD = gnu99;
				GCC_NO_COMMON_BLOCKS = YES;
				GCC_WARN_64_TO_32_BIT_CONVERSION = YES;
				GCC_WARN_ABOUT_RETURN_TYPE = YES_ERROR;
				GCC_WARN_UNDECLARED_SELECTOR = YES;
				GCC_WARN_UNINITIALIZED_AUTOS = YES_AGGRESSIVE;
				GCC_WARN_UNUSED_FUNCTION = YES;
				GCC_WARN_UNUSED_VARIABLE = YES;
				IPHONEOS_DEPLOYMENT_TARGET = 9.2;
				MTL_ENABLE_DEBUG_INFO = NO;
				SDKROOT = iphoneos;
				VALIDATE_PRODUCT = YES;
			};
			name = Release;
		};
		689649C91CC8BC9700CDA924 /* Debug */ = {
			isa = XCBuildConfiguration;
			buildSettings = {
				ASSETCATALOG_COMPILER_APPICON_NAME = AppIcon;
				CODE_SIGN_IDENTITY = "iPhone Developer";
				"CODE_SIGN_IDENTITY[sdk=iphoneos*]" = "iPhone Developer";
				INFOPLIST_FILE = testALAssetsLibrary/Info.plist;
				IPHONEOS_DEPLOYMENT_TARGET = 7.1;
				LD_RUNPATH_SEARCH_PATHS = "$(inherited) @executable_path/Frameworks";
				PRODUCT_BUNDLE_IDENTIFIER = com.jiapin.www.testALAssetsLibrary;
				PRODUCT_NAME = "$(TARGET_NAME)";
				PROVISIONING_PROFILE = "";
			};
			name = Debug;
		};
		689649CA1CC8BC9700CDA924 /* Release */ = {
			isa = XCBuildConfiguration;
			buildSettings = {
				ASSETCATALOG_COMPILER_APPICON_NAME = AppIcon;
				CODE_SIGN_IDENTITY = "iPhone Developer";
				"CODE_SIGN_IDENTITY[sdk=iphoneos*]" = "iPhone Developer";
				INFOPLIST_FILE = testALAssetsLibrary/Info.plist;
				IPHONEOS_DEPLOYMENT_TARGET = 7.1;
				LD_RUNPATH_SEARCH_PATHS = "$(inherited) @executable_path/Frameworks";
				PRODUCT_BUNDLE_IDENTIFIER = com.jiapin.www.testALAssetsLibrary;
				PRODUCT_NAME = "$(TARGET_NAME)";
				PROVISIONING_PROFILE = "";
			};
			name = Release;
		};
		689649CC1CC8BC9700CDA924 /* Debug */ = {
			isa = XCBuildConfiguration;
			buildSettings = {
				BUNDLE_LOADER = "$(TEST_HOST)";
				INFOPLIST_FILE = testALAssetsLibraryTests/Info.plist;
				LD_RUNPATH_SEARCH_PATHS = "$(inherited) @executable_path/Frameworks @loader_path/Frameworks";
				PRODUCT_BUNDLE_IDENTIFIER = com.jiapin.www.testALAssetsLibraryTests;
				PRODUCT_NAME = "$(TARGET_NAME)";
				TEST_HOST = "$(BUILT_PRODUCTS_DIR)/testALAssetsLibrary.app/testALAssetsLibrary";
			};
			name = Debug;
		};
		689649CD1CC8BC9700CDA924 /* Release */ = {
			isa = XCBuildConfiguration;
			buildSettings = {
				BUNDLE_LOADER = "$(TEST_HOST)";
				INFOPLIST_FILE = testALAssetsLibraryTests/Info.plist;
				LD_RUNPATH_SEARCH_PATHS = "$(inherited) @executable_path/Frameworks @loader_path/Frameworks";
				PRODUCT_BUNDLE_IDENTIFIER = com.jiapin.www.testALAssetsLibraryTests;
				PRODUCT_NAME = "$(TARGET_NAME)";
				TEST_HOST = "$(BUILT_PRODUCTS_DIR)/testALAssetsLibrary.app/testALAssetsLibrary";
			};
			name = Release;
		};
		689649CF1CC8BC9700CDA924 /* Debug */ = {
			isa = XCBuildConfiguration;
			buildSettings = {
				INFOPLIST_FILE = testALAssetsLibraryUITests/Info.plist;
				LD_RUNPATH_SEARCH_PATHS = "$(inherited) @executable_path/Frameworks @loader_path/Frameworks";
				PRODUCT_BUNDLE_IDENTIFIER = com.jiapin.www.testALAssetsLibraryUITests;
				PRODUCT_NAME = "$(TARGET_NAME)";
				TEST_TARGET_NAME = testALAssetsLibrary;
				USES_XCTRUNNER = YES;
			};
			name = Debug;
		};
		689649D01CC8BC9700CDA924 /* Release */ = {
			isa = XCBuildConfiguration;
			buildSettings = {
				INFOPLIST_FILE = testALAssetsLibraryUITests/Info.plist;
				LD_RUNPATH_SEARCH_PATHS = "$(inherited) @executable_path/Frameworks @loader_path/Frameworks";
				PRODUCT_BUNDLE_IDENTIFIER = com.jiapin.www.testALAssetsLibraryUITests;
				PRODUCT_NAME = "$(TARGET_NAME)";
				TEST_TARGET_NAME = testALAssetsLibrary;
				USES_XCTRUNNER = YES;
			};
			name = Release;
		};
/* End XCBuildConfiguration section */

/* Begin XCConfigurationList section */
		689649961CC8BC9700CDA924 /* Build configuration list for PBXProject "testALAssetsLibrary" */ = {
			isa = XCConfigurationList;
			buildConfigurations = (
				689649C61CC8BC9700CDA924 /* Debug */,
				689649C71CC8BC9700CDA924 /* Release */,
			);
			defaultConfigurationIsVisible = 0;
			defaultConfigurationName = Release;
		};
		689649C81CC8BC9700CDA924 /* Build configuration list for PBXNativeTarget "testALAssetsLibrary" */ = {
			isa = XCConfigurationList;
			buildConfigurations = (
				689649C91CC8BC9700CDA924 /* Debug */,
				689649CA1CC8BC9700CDA924 /* Release */,
			);
			defaultConfigurationIsVisible = 0;
			defaultConfigurationName = Release;
		};
		689649CB1CC8BC9700CDA924 /* Build configuration list for PBXNativeTarget "testALAssetsLibraryTests" */ = {
			isa = XCConfigurationList;
			buildConfigurations = (
				689649CC1CC8BC9700CDA924 /* Debug */,
				689649CD1CC8BC9700CDA924 /* Release */,
			);
			defaultConfigurationIsVisible = 0;
			defaultConfigurationName = Release;
		};
		689649CE1CC8BC9700CDA924 /* Build configuration list for PBXNativeTarget "testALAssetsLibraryUITests" */ = {
			isa = XCConfigurationList;
			buildConfigurations = (
				689649CF1CC8BC9700CDA924 /* Debug */,
				689649D01CC8BC9700CDA924 /* Release */,
			);
			defaultConfigurationIsVisible = 0;
			defaultConfigurationName = Release;
		};
/* End XCConfigurationList section */
	};
	rootObject = 689649931CC8BC9700CDA924 /* Project object */;
}
